{
  "object": {
    "pins": [
      {
        "package": "Nuke",
        "repositoryURL": "https://github.com/kean/Nuke.git",
        "state": {
          "branch": null,
          "revision": "f4d9b95788679d0654c032961f73e7e9c16ca6b4",
          "version": "12.1.0"
        }
      }
    ]
  },
  "version": 1
}
