{
  "object": {
    "pins": [
      {
        "package": "Nuke",
        "repositoryURL": "https://github.com/kean/Nuke.git",
        "state": {
          "branch": null,
          "revision": "8ea514737c2011ff7d7544aa065ad44905bdae0b",
          "version": "11.1.0"
        }
      }
    ]
  },
  "version": 1
}
