// !$*UTF8*$!
{
	archiveVersion = 1;
	classes = {
	};
	objectVersion = 48;
	objects = {

/* Begin PBXBuildFile section */
		9CEC29ED716AD5DFAAC94884 /* Pods_Nuke_WebP_Demo.framework in Frameworks */ = {isa = PBXBuildFile; fileRef = 476E64F26A2B3FBAC6476A83 /* Pods_Nuke_WebP_Demo.framework */; };
		F8F20D17200F4D1300A3E8E1 /* AppDelegate.swift in Sources */ = {isa = PBXBuildFile; fileRef = F8F20D16200F4D1300A3E8E1 /* AppDelegate.swift */; };
		F8F20D19200F4D1300A3E8E1 /* ViewController.swift in Sources */ = {isa = PBXBuildFile; fileRef = F8F20D18200F4D1300A3E8E1 /* ViewController.swift */; };
		F8F20D1C200F4D1300A3E8E1 /* Main.storyboard in Resources */ = {isa = PBXBuildFile; fileRef = F8F20D1A200F4D1300A3E8E1 /* Main.storyboard */; };
		F8F20D1E200F4D1300A3E8E1 /* Assets.xcassets in Resources */ = {isa = PBXBuildFile; fileRef = F8F20D1D200F4D1300A3E8E1 /* Assets.xcassets */; };
		F8F20D21200F4D1300A3E8E1 /* LaunchScreen.storyboard in Resources */ = {isa = PBXBuildFile; fileRef = F8F20D1F200F4D1300A3E8E1 /* LaunchScreen.storyboard */; };
/* End PBXBuildFile section */

/* Begin PBXFileReference section */
		09CF65C40DC2F00D52FA182A /* Pods-Nuke-WebP-Demo.release.xcconfig */ = {isa = PBXFileReference; includeInIndex = 1; lastKnownFileType = text.xcconfig; name = "Pods-Nuke-WebP-Demo.release.xcconfig"; path = "Pods/Target Support Files/Pods-Nuke-WebP-Demo/Pods-Nuke-WebP-Demo.release.xcconfig"; sourceTree = "<group>"; };
		476E64F26A2B3FBAC6476A83 /* Pods_Nuke_WebP_Demo.framework */ = {isa = PBXFileReference; explicitFileType = wrapper.framework; includeInIndex = 0; path = Pods_Nuke_WebP_Demo.framework; sourceTree = BUILT_PRODUCTS_DIR; };
		B6149C693518EBC5D5800B31 /* Pods-Nuke-WebP-Demo.debug.xcconfig */ = {isa = PBXFileReference; includeInIndex = 1; lastKnownFileType = text.xcconfig; name = "Pods-Nuke-WebP-Demo.debug.xcconfig"; path = "Pods/Target Support Files/Pods-Nuke-WebP-Demo/Pods-Nuke-WebP-Demo.debug.xcconfig"; sourceTree = "<group>"; };
		F8F20D13200F4D1300A3E8E1 /* Nuke-WebP-Demo.app */ = {isa = PBXFileReference; explicitFileType = wrapper.application; includeInIndex = 0; path = "Nuke-WebP-Demo.app"; sourceTree = BUILT_PRODUCTS_DIR; };
		F8F20D16200F4D1300A3E8E1 /* AppDelegate.swift */ = {isa = PBXFileReference; lastKnownFileType = sourcecode.swift; path = AppDelegate.swift; sourceTree = "<group>"; };
		F8F20D18200F4D1300A3E8E1 /* ViewController.swift */ = {isa = PBXFileReference; lastKnownFileType = sourcecode.swift; path = ViewController.swift; sourceTree = "<group>"; };
		F8F20D1B200F4D1300A3E8E1 /* Base */ = {isa = PBXFileReference; lastKnownFileType = file.storyboard; name = Base; path = Base.lproj/Main.storyboard; sourceTree = "<group>"; };
		F8F20D1D200F4D1300A3E8E1 /* Assets.xcassets */ = {isa = PBXFileReference; lastKnownFileType = folder.assetcatalog; path = Assets.xcassets; sourceTree = "<group>"; };
		F8F20D20200F4D1300A3E8E1 /* Base */ = {isa = PBXFileReference; lastKnownFileType = file.storyboard; name = Base; path = Base.lproj/LaunchScreen.storyboard; sourceTree = "<group>"; };
		F8F20D22200F4D1300A3E8E1 /* Info.plist */ = {isa = PBXFileReference; lastKnownFileType = text.plist.xml; path = Info.plist; sourceTree = "<group>"; };
/* End PBXFileReference section */

/* Begin PBXFrameworksBuildPhase section */
		F8F20D10200F4D1300A3E8E1 /* Frameworks */ = {
			isa = PBXFrameworksBuildPhase;
			buildActionMask = 2147483647;
			files = (
				9CEC29ED716AD5DFAAC94884 /* Pods_Nuke_WebP_Demo.framework in Frameworks */,
			);
			runOnlyForDeploymentPostprocessing = 0;
		};
/* End PBXFrameworksBuildPhase section */

/* Begin PBXGroup section */
		1D5E90BD4F574DE85F51DD2B /* Frameworks */ = {
			isa = PBXGroup;
			children = (
				476E64F26A2B3FBAC6476A83 /* Pods_Nuke_WebP_Demo.framework */,
			);
			name = Frameworks;
			sourceTree = "<group>";
		};
		F8F20D0A200F4D1300A3E8E1 = {
			isa = PBXGroup;
			children = (
				F8F20D15200F4D1300A3E8E1 /* Source */,
				F8F20D14200F4D1300A3E8E1 /* Products */,
				FBBAAE1954CF24D37AAD5D64 /* Pods */,
				1D5E90BD4F574DE85F51DD2B /* Frameworks */,
			);
			sourceTree = "<group>";
		};
		F8F20D14200F4D1300A3E8E1 /* Products */ = {
			isa = PBXGroup;
			children = (
				F8F20D13200F4D1300A3E8E1 /* Nuke-WebP-Demo.app */,
			);
			name = Products;
			sourceTree = "<group>";
		};
		F8F20D15200F4D1300A3E8E1 /* Source */ = {
			isa = PBXGroup;
			children = (
				F8F20D16200F4D1300A3E8E1 /* AppDelegate.swift */,
				F8F20D18200F4D1300A3E8E1 /* ViewController.swift */,
				F8F20D1A200F4D1300A3E8E1 /* Main.storyboard */,
				F8F20D1D200F4D1300A3E8E1 /* Assets.xcassets */,
				F8F20D1F200F4D1300A3E8E1 /* LaunchScreen.storyboard */,
				F8F20D22200F4D1300A3E8E1 /* Info.plist */,
			);
			path = Source;
			sourceTree = "<group>";
		};
		FBBAAE1954CF24D37AAD5D64 /* Pods */ = {
			isa = PBXGroup;
			children = (
				B6149C693518EBC5D5800B31 /* Pods-Nuke-WebP-Demo.debug.xcconfig */,
				09CF65C40DC2F00D52FA182A /* Pods-Nuke-WebP-Demo.release.xcconfig */,
			);
			name = Pods;
			sourceTree = "<group>";
		};
/* End PBXGroup section */

/* Begin PBXNativeTarget section */
		F8F20D12200F4D1300A3E8E1 /* Nuke-WebP-Demo */ = {
			isa = PBXNativeTarget;
			buildConfigurationList = F8F20D25200F4D1300A3E8E1 /* Build configuration list for PBXNativeTarget "Nuke-WebP-Demo" */;
			buildPhases = (
				1C38FDE775A2C134790408D1 /* [CP] Check Pods Manifest.lock */,
				F8F20D0F200F4D1300A3E8E1 /* Sources */,
				F8F20D10200F4D1300A3E8E1 /* Frameworks */,
				F8F20D11200F4D1300A3E8E1 /* Resources */,
				75926CA0E7DFD7A40B19054B /* [CP] Embed Pods Frameworks */,
			);
			buildRules = (
			);
			dependencies = (
			);
			name = "Nuke-WebP-Demo";
			productName = Demo;
			productReference = F8F20D13200F4D1300A3E8E1 /* Nuke-WebP-Demo.app */;
			productType = "com.apple.product-type.application";
		};
/* End PBXNativeTarget section */

/* Begin PBXProject section */
		F8F20D0B200F4D1300A3E8E1 /* Project object */ = {
			isa = PBXProject;
			attributes = {
				LastSwiftUpdateCheck = 0920;
				LastUpgradeCheck = 0930;
				ORGANIZATIONNAME = RyoKosuge;
				TargetAttributes = {
					F8F20D12200F4D1300A3E8E1 = {
						CreatedOnToolsVersion = 9.2;
						LastSwiftMigration = 1020;
						ProvisioningStyle = Automatic;
					};
				};
			};
			buildConfigurationList = F8F20D0E200F4D1300A3E8E1 /* Build configuration list for PBXProject "Demo" */;
			compatibilityVersion = "Xcode 8.0";
			developmentRegion = en;
			hasScannedForEncodings = 0;
			knownRegions = (
				en,
				Base,
			);
			mainGroup = F8F20D0A200F4D1300A3E8E1;
			productRefGroup = F8F20D14200F4D1300A3E8E1 /* Products */;
			projectDirPath = "";
			projectRoot = "";
			targets = (
				F8F20D12200F4D1300A3E8E1 /* Nuke-WebP-Demo */,
			);
		};
/* End PBXProject section */

/* Begin PBXResourcesBuildPhase section */
		F8F20D11200F4D1300A3E8E1 /* Resources */ = {
			isa = PBXResourcesBuildPhase;
			buildActionMask = 2147483647;
			files = (
				F8F20D21200F4D1300A3E8E1 /* LaunchScreen.storyboard in Resources */,
				F8F20D1E200F4D1300A3E8E1 /* Assets.xcassets in Resources */,
				F8F20D1C200F4D1300A3E8E1 /* Main.storyboard in Resources */,
			);
			runOnlyForDeploymentPostprocessing = 0;
		};
/* End PBXResourcesBuildPhase section */

/* Begin PBXShellScriptBuildPhase section */
		1C38FDE775A2C134790408D1 /* [CP] Check Pods Manifest.lock */ = {
			isa = PBXShellScriptBuildPhase;
			buildActionMask = 2147483647;
			files = (
			);
			inputPaths = (
				"${PODS_PODFILE_DIR_PATH}/Podfile.lock",
				"${PODS_ROOT}/Manifest.lock",
			);
			name = "[CP] Check Pods Manifest.lock";
			outputPaths = (
				"$(DERIVED_FILE_DIR)/Pods-Nuke-WebP-Demo-checkManifestLockResult.txt",
			);
			runOnlyForDeploymentPostprocessing = 0;
			shellPath = /bin/sh;
			shellScript = "diff \"${PODS_PODFILE_DIR_PATH}/Podfile.lock\" \"${PODS_ROOT}/Manifest.lock\" > /dev/null\nif [ $? != 0 ] ; then\n    # print error to STDERR\n    echo \"error: The sandbox is not in sync with the Podfile.lock. Run 'pod install' or update your CocoaPods installation.\" >&2\n    exit 1\nfi\n# This output is used by Xcode 'outputs' to avoid re-running this script phase.\necho \"SUCCESS\" > \"${SCRIPT_OUTPUT_FILE_0}\"\n";
			showEnvVarsInLog = 0;
		};
		75926CA0E7DFD7A40B19054B /* [CP] Embed Pods Frameworks */ = {
			isa = PBXShellScriptBuildPhase;
			buildActionMask = 2147483647;
			files = (
			);
			inputPaths = (
				"${PODS_ROOT}/Target Support Files/Pods-Nuke-WebP-Demo/Pods-Nuke-WebP-Demo-frameworks.sh",
				"${BUILT_PRODUCTS_DIR}/Nuke/Nuke.framework",
				"${BUILT_PRODUCTS_DIR}/Nuke-WebP-Plugin/NukeWebPPlugin.framework",
				"${BUILT_PRODUCTS_DIR}/libwebp/libwebp.framework",
			);
			name = "[CP] Embed Pods Frameworks";
			outputPaths = (
				"${TARGET_BUILD_DIR}/${FRAMEWORKS_FOLDER_PATH}/Nuke.framework",
				"${TARGET_BUILD_DIR}/${FRAMEWORKS_FOLDER_PATH}/NukeWebPPlugin.framework",
				"${TARGET_BUILD_DIR}/${FRAMEWORKS_FOLDER_PATH}/libwebp.framework",
			);
			runOnlyForDeploymentPostprocessing = 0;
			shellPath = /bin/sh;
			shellScript = "\"${PODS_ROOT}/Target Support Files/Pods-Nuke-WebP-Demo/Pods-Nuke-WebP-Demo-frameworks.sh\"\n";
			showEnvVarsInLog = 0;
		};
/* End PBXShellScriptBuildPhase section */

/* Begin PBXSourcesBuildPhase section */
		F8F20D0F200F4D1300A3E8E1 /* Sources */ = {
			isa = PBXSourcesBuildPhase;
			buildActionMask = 2147483647;
			files = (
				F8F20D19200F4D1300A3E8E1 /* ViewController.swift in Sources */,
				F8F20D17200F4D1300A3E8E1 /* AppDelegate.swift in Sources */,
			);
			runOnlyForDeploymentPostprocessing = 0;
		};
/* End PBXSourcesBuildPhase section */

/* Begin PBXVariantGroup section */
		F8F20D1A200F4D1300A3E8E1 /* Main.storyboard */ = {
			isa = PBXVariantGroup;
			children = (
				F8F20D1B200F4D1300A3E8E1 /* Base */,
			);
			name = Main.storyboard;
			sourceTree = "<group>";
		};
		F8F20D1F200F4D1300A3E8E1 /* LaunchScreen.storyboard */ = {
			isa = PBXVariantGroup;
			children = (
				F8F20D20200F4D1300A3E8E1 /* Base */,
			);
			name = LaunchScreen.storyboard;
			sourceTree = "<group>";
		};
/* End PBXVariantGroup section */

/* Begin XCBuildConfiguration section */
		F8F20D23200F4D1300A3E8E1 /* Debug */ = {
			isa = XCBuildConfiguration;
			buildSettings = {
				ALWAYS_SEARCH_USER_PATHS = NO;
				CLANG_ANALYZER_NONNULL = YES;
				CLANG_ANALYZER_NUMBER_OBJECT_CONVERSION = YES_AGGRESSIVE;
				CLANG_CXX_LANGUAGE_STANDARD = "gnu++14";
				CLANG_CXX_LIBRARY = "libc++";
				CLANG_ENABLE_MODULES = YES;
				CLANG_ENABLE_OBJC_ARC = YES;
				CLANG_WARN_BLOCK_CAPTURE_AUTORELEASING = YES;
				CLANG_WARN_BOOL_CONVERSION = YES;
				CLANG_WARN_COMMA = YES;
				CLANG_WARN_CONSTANT_CONVERSION = YES;
				CLANG_WARN_DEPRECATED_OBJC_IMPLEMENTATIONS = YES;
				CLANG_WARN_DIRECT_OBJC_ISA_USAGE = YES_ERROR;
				CLANG_WARN_DOCUMENTATION_COMMENTS = YES;
				CLANG_WARN_EMPTY_BODY = YES;
				CLANG_WARN_ENUM_CONVERSION = YES;
				CLANG_WARN_INFINITE_RECURSION = YES;
				CLANG_WARN_INT_CONVERSION = YES;
				CLANG_WARN_NON_LITERAL_NULL_CONVERSION = YES;
				CLANG_WARN_OBJC_IMPLICIT_RETAIN_SELF = YES;
				CLANG_WARN_OBJC_LITERAL_CONVERSION = YES;
				CLANG_WARN_OBJC_ROOT_CLASS = YES_ERROR;
				CLANG_WARN_RANGE_LOOP_ANALYSIS = YES;
				CLANG_WARN_STRICT_PROTOTYPES = YES;
				CLANG_WARN_SUSPICIOUS_MOVE = YES;
				CLANG_WARN_UNGUARDED_AVAILABILITY = YES_AGGRESSIVE;
				CLANG_WARN_UNREACHABLE_CODE = YES;
				CLANG_WARN__DUPLICATE_METHOD_MATCH = YES;
				CODE_SIGN_IDENTITY = "iPhone Developer";
				COPY_PHASE_STRIP = NO;
				DEBUG_INFORMATION_FORMAT = dwarf;
				ENABLE_STRICT_OBJC_MSGSEND = YES;
				ENABLE_TESTABILITY = YES;
				GCC_C_LANGUAGE_STANDARD = gnu11;
				GCC_DYNAMIC_NO_PIC = NO;
				GCC_NO_COMMON_BLOCKS = YES;
				GCC_OPTIMIZATION_LEVEL = 0;
				GCC_PREPROCESSOR_DEFINITIONS = (
					"DEBUG=1",
					"$(inherited)",
				);
				GCC_WARN_64_TO_32_BIT_CONVERSION = YES;
				GCC_WARN_ABOUT_RETURN_TYPE = YES_ERROR;
				GCC_WARN_UNDECLARED_SELECTOR = YES;
				GCC_WARN_UNINITIALIZED_AUTOS = YES_AGGRESSIVE;
				GCC_WARN_UNUSED_FUNCTION = YES;
				GCC_WARN_UNUSED_VARIABLE = YES;
				IPHONEOS_DEPLOYMENT_TARGET = 11.0;
				MTL_ENABLE_DEBUG_INFO = YES;
				ONLY_ACTIVE_ARCH = YES;
				SDKROOT = iphoneos;
				SWIFT_ACTIVE_COMPILATION_CONDITIONS = DEBUG;
				SWIFT_OPTIMIZATION_LEVEL = "-Onone";
				SWIFT_VERSION = 4.2;
			};
			name = Debug;
		};
		F8F20D24200F4D1300A3E8E1 /* Release */ = {
			isa = XCBuildConfiguration;
			buildSettings = {
				ALWAYS_SEARCH_USER_PATHS = NO;
				CLANG_ANALYZER_NONNULL = YES;
				CLANG_ANALYZER_NUMBER_OBJECT_CONVERSION = YES_AGGRESSIVE;
				CLANG_CXX_LANGUAGE_STANDARD = "gnu++14";
				CLANG_CXX_LIBRARY = "libc++";
				CLANG_ENABLE_MODULES = YES;
				CLANG_ENABLE_OBJC_ARC = YES;
				CLANG_WARN_BLOCK_CAPTURE_AUTORELEASING = YES;
				CLANG_WARN_BOOL_CONVERSION = YES;
				CLANG_WARN_COMMA = YES;
				CLANG_WARN_CONSTANT_CONVERSION = YES;
				CLANG_WARN_DEPRECATED_OBJC_IMPLEMENTATIONS = YES;
				CLANG_WARN_DIRECT_OBJC_ISA_USAGE = YES_ERROR;
				CLANG_WARN_DOCUMENTATION_COMMENTS = YES;
				CLANG_WARN_EMPTY_BODY = YES;
				CLANG_WARN_ENUM_CONVERSION = YES;
				CLANG_WARN_INFINITE_RECURSION = YES;
				CLANG_WARN_INT_CONVERSION = YES;
				CLANG_WARN_NON_LITERAL_NULL_CONVERSION = YES;
				CLANG_WARN_OBJC_IMPLICIT_RETAIN_SELF = YES;
				CLANG_WARN_OBJC_LITERAL_CONVERSION = YES;
				CLANG_WARN_OBJC_ROOT_CLASS = YES_ERROR;
				CLANG_WARN_RANGE_LOOP_ANALYSIS = YES;
				CLANG_WARN_STRICT_PROTOTYPES = YES;
				CLANG_WARN_SUSPICIOUS_MOVE = YES;
				CLANG_WARN_UNGUARDED_AVAILABILITY = YES_AGGRESSIVE;
				CLANG_WARN_UNREACHABLE_CODE = YES;
				CLANG_WARN__DUPLICATE_METHOD_MATCH = YES;
				CODE_SIGN_IDENTITY = "iPhone Developer";
				COPY_PHASE_STRIP = NO;
				DEBUG_INFORMATION_FORMAT = "dwarf-with-dsym";
				ENABLE_NS_ASSERTIONS = NO;
				ENABLE_STRICT_OBJC_MSGSEND = YES;
				GCC_C_LANGUAGE_STANDARD = gnu11;
				GCC_NO_COMMON_BLOCKS = YES;
				GCC_WARN_64_TO_32_BIT_CONVERSION = YES;
				GCC_WARN_ABOUT_RETURN_TYPE = YES_ERROR;
				GCC_WARN_UNDECLARED_SELECTOR = YES;
				GCC_WARN_UNINITIALIZED_AUTOS = YES_AGGRESSIVE;
				GCC_WARN_UNUSED_FUNCTION = YES;
				GCC_WARN_UNUSED_VARIABLE = YES;
				IPHONEOS_DEPLOYMENT_TARGET = 11.0;
				MTL_ENABLE_DEBUG_INFO = NO;
				SDKROOT = iphoneos;
				SWIFT_OPTIMIZATION_LEVEL = "-Owholemodule";
				SWIFT_VERSION = 4.2;
				VALIDATE_PRODUCT = YES;
			};
			name = Release;
		};
		F8F20D26200F4D1300A3E8E1 /* Debug */ = {
			isa = XCBuildConfiguration;
			baseConfigurationReference = B6149C693518EBC5D5800B31 /* Pods-Nuke-WebP-Demo.debug.xcconfig */;
			buildSettings = {
				ASSETCATALOG_COMPILER_APPICON_NAME = AppIcon;
				CODE_SIGN_STYLE = Automatic;
				DEVELOPMENT_TEAM = "";
				INFOPLIST_FILE = "$(SRCROOT)/Source/Info.plist";
				LD_RUNPATH_SEARCH_PATHS = "$(inherited) @executable_path/Frameworks";
				PRODUCT_BUNDLE_IDENTIFIER = "com.github.ryokosuge.Nuke-WebP-Demo";
				PRODUCT_NAME = "$(TARGET_NAME)";
				SWIFT_VERSION = 5.0;
				TARGETED_DEVICE_FAMILY = "1,2";
			};
			name = Debug;
		};
		F8F20D27200F4D1300A3E8E1 /* Release */ = {
			isa = XCBuildConfiguration;
			baseConfigurationReference = 09CF65C40DC2F00D52FA182A /* Pods-Nuke-WebP-Demo.release.xcconfig */;
			buildSettings = {
				ASSETCATALOG_COMPILER_APPICON_NAME = AppIcon;
				CODE_SIGN_STYLE = Automatic;
				DEVELOPMENT_TEAM = "";
				INFOPLIST_FILE = "$(SRCROOT)/Source/Info.plist";
				LD_RUNPATH_SEARCH_PATHS = "$(inherited) @executable_path/Frameworks";
				PRODUCT_BUNDLE_IDENTIFIER = "com.github.ryokosuge.Nuke-WebP-Demo";
				PRODUCT_NAME = "$(TARGET_NAME)";
				SWIFT_VERSION = 5.0;
				TARGETED_DEVICE_FAMILY = "1,2";
			};
			name = Release;
		};
/* End XCBuildConfiguration section */

/* Begin XCConfigurationList section */
		F8F20D0E200F4D1300A3E8E1 /* Build configuration list for PBXProject "Demo" */ = {
			isa = XCConfigurationList;
			buildConfigurations = (
				F8F20D23200F4D1300A3E8E1 /* Debug */,
				F8F20D24200F4D1300A3E8E1 /* Release */,
			);
			defaultConfigurationIsVisible = 0;
			defaultConfigurationName = Release;
		};
		F8F20D25200F4D1300A3E8E1 /* Build configuration list for PBXNativeTarget "Nuke-WebP-Demo" */ = {
			isa = XCConfigurationList;
			buildConfigurations = (
				F8F20D26200F4D1300A3E8E1 /* Debug */,
				F8F20D27200F4D1300A3E8E1 /* Release */,
			);
			defaultConfigurationIsVisible = 0;
			defaultConfigurationName = Release;
		};
/* End XCConfigurationList section */
	};
	rootObject = F8F20D0B200F4D1300A3E8E1 /* Project object */;
}
