PODS:
  - libwebp (1.1.0):
    - libwebp/demux (= 1.1.0)
    - libwebp/mux (= 1.1.0)
    - libwebp/webp (= 1.1.0)
  - libwebp/demux (1.1.0):
    - libwebp/webp
  - libwebp/mux (1.1.0):
    - libwebp/demux
  - libwebp/webp (1.1.0)
  - Nuke (9.1.1)
  - Nuke-WebP-Plugin (5.0.0):
    - libwebp (= 1.1.0)
    - Nuke (~> 9.0)

DEPENDENCIES:
  - Nuke-WebP-Plugin (from `../`)

SPEC REPOS:
  trunk:
    - libwebp
    - Nuke

EXTERNAL SOURCES:
  Nuke-WebP-Plugin:
    :path: "../"

SPEC CHECKSUMS:
  libwebp: 946cb3063cea9236285f7e9a8505d806d30e07f3
  Nuke: af4301b154d3afd8a3b045a5194a9a773a00b7a8
  Nuke-WebP-Plugin: d693480e7cee5074a0ed439109e66026690b9646

PODFILE CHECKSUM: 4e0c7fe297334d8c2e14c930e99539beb7e7a4fe

COCOAPODS: 1.8.4
