PODS:
  - libwebp (0.6.1):
    - libwebp/core (= 0.6.1)
    - libwebp/dec (= 0.6.1)
    - libwebp/demux (= 0.6.1)
    - libwebp/dsp (= 0.6.1)
    - libwebp/enc (= 0.6.1)
    - libwebp/mux (= 0.6.1)
    - libwebp/utils (= 0.6.1)
    - libwebp/webp (= 0.6.1)
  - libwebp/core (0.6.1):
    - libwebp/webp
  - libwebp/dec (0.6.1):
    - libwebp/core
  - libwebp/demux (0.6.1):
    - libwebp/core
  - libwebp/dsp (0.6.1):
    - libwebp/core
  - libwebp/enc (0.6.1):
    - libwebp/core
  - libwebp/mux (0.6.1):
    - libwebp/core
  - libwebp/utils (0.6.1):
    - libwebp/core
  - libwebp/webp (0.6.1)
  - Nuke (7.0-beta3)
  - Nuke-WebP-Plugin (2.0.0-beta3):
    - libwebp (= 0.6.1)
    - Nuke (= 7.0-beta3)

DEPENDENCIES:
  - Nuke-WebP-Plugin (from `../`)

SPEC REPOS:
  https://github.com/CocoaPods/Specs.git:
    - libwebp
    - Nuke

EXTERNAL SOURCES:
  Nuke-WebP-Plugin:
    :path: "../"

SPEC CHECKSUMS:
  libwebp: 0f01098c6c17175391af621b2f14150f3ca16e16
  Nuke: d870748d5a2d2432f6b3ff0d9f28d29eef234068
  Nuke-WebP-Plugin: e9cbfb415cb6843424cee470ccd513f6054fefb9

PODFILE CHECKSUM: 007280883f6808fe78e95738c84bbffa7726f39e

COCOAPODS: 1.5.0
