PODS:
  - libwebp (1.0.0):
    - libwebp/core (= 1.0.0)
    - libwebp/dec (= 1.0.0)
    - libwebp/demux (= 1.0.0)
    - libwebp/dsp (= 1.0.0)
    - libwebp/enc (= 1.0.0)
    - libwebp/mux (= 1.0.0)
    - libwebp/utils (= 1.0.0)
    - libwebp/webp (= 1.0.0)
  - libwebp/core (1.0.0):
    - libwebp/webp
  - libwebp/dec (1.0.0):
    - libwebp/core
  - libwebp/demux (1.0.0):
    - libwebp/core
  - libwebp/dsp (1.0.0):
    - libwebp/core
  - libwebp/enc (1.0.0):
    - libwebp/core
  - libwebp/mux (1.0.0):
    - libwebp/core
  - libwebp/utils (1.0.0):
    - libwebp/core
  - libwebp/webp (1.0.0)
  - Nuke (7.3.2)
  - Nuke-WebP-Plugin (3.0.0):
    - libwebp (= 1.0.0)
    - Nuke (~> 7.0)

DEPENDENCIES:
  - Nuke-WebP-Plugin (from `../`)

SPEC REPOS:
  https://github.com/cocoapods/specs.git:
    - libwebp
    - Nuke

EXTERNAL SOURCES:
  Nuke-WebP-Plugin:
    :path: "../"

SPEC CHECKSUMS:
  libwebp: d7e0c95fe97245c97e08101eba10702ebb0f6101
  Nuke: a9a31bbd6c6723753ab024ef22057dcaaf046c1b
  Nuke-WebP-Plugin: 7ba11a8114710988288de676dbd231bad6ff0ea8

PODFILE CHECKSUM: b85cd6918b543abc6d4a39a80872e4d0aa93fc58

COCOAPODS: 1.5.3
